{
  "version": 4,
  "terraform_version": "1.6.3",
  "serial": 5,
  "lineage": "0b658351-b030-55a6-5f44-038d8d1d2092",
  "outputs": {},
  "resources": [
    {
      "mode": "managed",
      "type": "yandex_compute_instance",
      "name": "imported_vm",
      "provider": "provider[\"registry.terraform.io/yandex-cloud/yandex\"]",
      "instances": [
        {
          "schema_version": 1,
          "attributes": {
            "allow_recreate": null,
            "allow_stopping_for_update": null,
            "boot_disk": [
              {
                "auto_delete": false,
                "device_name": "fhml9hv2c2hoom9o4a52",
                "disk_id": "fhml9hv2c2hoom9o4a52",
                "initialize_params": [
                  {
                    "block_size": 4096,
                    "description": "",
                    "image_id": "fd833ivvmqp6cuq7shpc",
                    "kms_key_id": "",
                    "name": "",
                    "size": 20,
                    "snapshot_id": "",
                    "type": "network-hdd"
                  }
                ],
                "mode": "READ_WRITE"
              }
            ],
            "created_at": "2025-04-18T09:27:18Z",
            "description": "",
            "filesystem": [],
            "folder_id": "b1gl60eill48p84ucl9p",
            "fqdn": "fhms6d5rvcpdn7rghr2u.auto.internal",
            "gpu_cluster_id": "",
            "hardware_generation": [
              {
                "generation2_features": [],
                "legacy_features": [
                  {
                    "pci_topology": "PCI_TOPOLOGY_V1"
                  }
                ]
              }
            ],
            "hostname": "",
            "id": "fhms6d5rvcpdn7rghr2u",
            "labels": null,
            "local_disk": [],
            "maintenance_grace_period": "",
            "maintenance_policy": null,
            "metadata": {
              "ssh-keys": "ubuntu:ssh-rsa AAAAB3NzaC1yc2EAAAADAQABAAABgQC/OpnfHNcSjEPDFdSRBJyj1YCBG59jeOchsRelZtLlaaK8Q/kZrTX/RnYrWAk4gBC2IL2IcDjI8UYv+K/nyGKU6e5oZEXQF1wTl3fBUYpcwE9vRLCNdXqtQd0K4eoFcVFivZFi5iEYukhkRqrNj1PmUc9Vr2dvO4vvBQoEE81FGyZ/dKjZvuFOAXajRJZb3yNvcIXPPgKlnQT5pwfr+HEAWDAzDFeX8xZlBfcG6i95YLrMKbHv4F66n61VwDw1+lXAzCUELFNWc0HfVg1LcQv4v4692fWtmIvF7bm2vTq9MWp2h9FczI4Zxu6hr9ppWG7dyMo37lKvYBwYN0X2Gt3DCOfIku5csBA+Z0LfAzccMMdWfyaNaw4OeU3YXrNGeKUTHbR1m0HmEHzJnD0p+sVUQiqxOkjTKeVuP1hBCjyRxtWF6nqD8JdUiIZUZbeZ4GJ5xRdkq100LqYHBZD7guAh62kpGtGMZ7TeLCOh+lUaeH05xld9gSS6dgvInb5MO10= instinct@HOME-PC"
            },
            "metadata_options": [
              {
                "aws_v1_http_endpoint": 1,
                "aws_v1_http_token": 2,
                "gce_http_endpoint": 1,
                "gce_http_token": 1
              }
            ],
            "name": "",
            "network_acceleration_type": "standard",
            "network_interface": [
              {
                "dns_record": [],
                "index": 0,
                "ip_address": "10.128.0.7",
                "ipv4": true,
                "ipv6": false,
                "ipv6_address": "",
                "ipv6_dns_record": [],
                "mac_address": "d0:0d:1c:33:4b:bf",
                "nat": true,
                "nat_dns_record": [],
                "nat_ip_address": "89.169.152.203",
                "nat_ip_version": "IPV4",
                "security_group_ids": [],
                "subnet_id": "e9bvjiqsthlru4mfq152"
              }
            ],
            "placement_policy": [
              {
                "host_affinity_rules": [],
                "placement_group_id": "",
                "placement_group_partition": 0
              }
            ],
            "platform_id": "standard-v3",
            "resources": [
              {
                "core_fraction": 20,
                "cores": 2,
                "gpus": 0,
                "memory": 2
              }
            ],
            "scheduling_policy": [
              {
                "preemptible": false
              }
            ],
            "secondary_disk": [],
            "service_account_id": "",
            "status": "running",
            "timeouts": null,
            "zone": "ru-central1-a"
          },
          "sensitive_attributes": [],
          "private": "eyJlMmJmYjczMC1lY2FhLTExZTYtOGY4OC0zNDM2M2JjN2M0YzAiOnsiY3JlYXRlIjozMDAwMDAwMDAwMDAsImRlbGV0ZSI6MzAwMDAwMDAwMDAwLCJ1cGRhdGUiOjMwMDAwMDAwMDAwMH0sInNjaGVtYV92ZXJzaW9uIjoiMSJ9"
        }
      ]
    }
  ],
  "check_results": null
}
